
Microsoft Visual Studio Solution File, Format Version 12.00
# Visual Studio Version 16
VisualStudioVersion = 16.0.30717.126
MinimumVisualStudioVersion = 10.0.40219.1
Project("{8BC9CEB8-8B4A-11D0-8D11-00A0C91BC942}") = "lab4", "lab4\lab4.vcxproj", "{BA8CA4EA-0060-4507-94C7-7FDDBED56B51}"
EndProject
Global
	GlobalSection(SolutionConfigurationPlatforms) = preSolution
		Debug|x64 = Debug|x64
		Debug|x86 = Debug|x86
		Release|x64 = Release|x64
		Release|x86 = Release|x86
	EndGlobalSection
	GlobalSection(ProjectConfigurationPlatforms) = postSolution
		{BA8CA4EA-0060-4507-94C7-7FDDBED56B51}.Debug|x64.ActiveCfg = Debug|x64
		{BA8CA4EA-0060-4507-94C7-7FDDBED56B51}.Debug|x64.Build.0 = Debug|x64
		{BA8CA4EA-0060-4507-94C7-7FDDBED56B51}.Debug|x86.ActiveCfg = Debug|Win32
		{BA8CA4EA-0060-4507-94C7-7FDDBED56B51}.Debug|x86.Build.0 = Debug|Win32
		{BA8CA4EA-0060-4507-94C7-7FDDBED56B51}.Release|x64.ActiveCfg = Release|x64
		{BA8CA4EA-0060-4507-94C7-7FDDBED56B51}.Release|x64.Build.0 = Release|x64
		{BA8CA4EA-0060-4507-94C7-7FDDBED56B51}.Release|x86.ActiveCfg = Release|Win32
		{BA8CA4EA-0060-4507-94C7-7FDDBED56B51}.Release|x86.Build.0 = Release|Win32
	EndGlobalSection
	GlobalSection(SolutionProperties) = preSolution
		HideSolutionNode = FALSE
	EndGlobalSection
	GlobalSection(ExtensibilityGlobals) = postSolution
		SolutionGuid = {69E44BA6-8877-4B7C-89E4-766A4AA3CE4B}
	EndGlobalSection
EndGlobal
